
Microsoft Visual Studio Solution File, Format Version 12.00
# Visual Studio Version 16
VisualStudioVersion = 16.0.31702.278
MinimumVisualStudioVersion = 10.0.40219.1
Project("{FAE04EC0-301F-11D3-BF4B-00C04F79EFBC}") = "Part 5 - If Statements", "Part 5 - If Statements.csproj", "{AC08E418-D807-47D9-A3A7-C153D009D247}"
EndProject
Global
	GlobalSection(SolutionConfigurationPlatforms) = preSolution
		Debug|Any CPU = Debug|Any CPU
		Release|Any CPU = Release|Any CPU
	EndGlobalSection
	GlobalSection(ProjectConfigurationPlatforms) = postSolution
		{AC08E418-D807-47D9-A3A7-C153D009D247}.Debug|Any CPU.ActiveCfg = Debug|Any CPU
		{AC08E418-D807-47D9-A3A7-C153D009D247}.Debug|Any CPU.Build.0 = Debug|Any CPU
		{AC08E418-D807-47D9-A3A7-C153D009D247}.Release|Any CPU.ActiveCfg = Release|Any CPU
		{AC08E418-D807-47D9-A3A7-C153D009D247}.Release|Any CPU.Build.0 = Release|Any CPU
	EndGlobalSection
	GlobalSection(SolutionProperties) = preSolution
		HideSolutionNode = FALSE
	EndGlobalSection
	GlobalSection(ExtensibilityGlobals) = postSolution
		SolutionGuid = {643D81C7-BE7B-4746-8301-3E5E83B3E382}
	EndGlobalSection
EndGlobal
